// !$*UTF8*$!
{
	archiveVersion = 1;
	classes = {
	};
	objectVersion = 77;
	objects = {

/* Begin PBXContainerItemProxy section */
		27ADF2982ED1BD0100455950 /* PBXContainerItemProxy */ = {
			isa = PBXContainerItemProxy;
			containerPortal = 27ADF2802ED1BCFE00455950 /* Project object */;
			proxyType = 1;
			remoteGlobalIDString = 27ADF2872ED1BCFE00455950;
			remoteInfo = Creatiq;
		};
		27ADF2A22ED1BD0100455950 /* PBXContainerItemProxy */ = {
			isa = PBXContainerItemProxy;
			containerPortal = 27ADF2802ED1BCFE00455950 /* Project object */;
			proxyType = 1;
			remoteGlobalIDString = 27ADF2872ED1BCFE00455950;
			remoteInfo = Creatiq;
		};
/* End PBXContainerItemProxy section */

/* Begin PBXFileReference section */
		27ADF2882ED1BCFE00455950 /* Creatiq.app */ = {isa = PBXFileReference; explicitFileType = wrapper.application; includeInIndex = 0; path = Creatiq.app; sourceTree = BUILT_PRODUCTS_DIR; };
		27ADF2972ED1BD0100455950 /* CreatiqTests.xctest */ = {isa = PBXFileReference; explicitFileType = wrapper.cfbundle; includeInIndex = 0; path = CreatiqTests.xctest; sourceTree = BUILT_PRODUCTS_DIR; };
		27ADF2A12ED1BD0100455950 /* CreatiqUITests.xctest */ = {isa = PBXFileReference; explicitFileType = wrapper.cfbundle; includeInIndex = 0; path = CreatiqUITests.xctest; sourceTree = BUILT_PRODUCTS_DIR; };
/* End PBXFileReference section */

/* Begin PBXFileSystemSynchronizedRootGroup section */
		27ADF28A2ED1BCFE00455950 /* Creatiq */ = {
			isa = PBXFileSystemSynchronizedRootGroup;
			path = Creatiq;
			sourceTree = "<group>";
		};
		27ADF29A2ED1BD0100455950 /* CreatiqTests */ = {
			isa = PBXFileSystemSynchronizedRootGroup;
			path = CreatiqTests;
			sourceTree = "<group>";
		};
		27ADF2A42ED1BD0100455950 /* CreatiqUITests */ = {
			isa = PBXFileSystemSynchronizedRootGroup;
			path = CreatiqUITests;
			sourceTree = "<group>";
		};
/* End PBXFileSystemSynchronizedRootGroup section */

/* Begin PBXFrameworksBuildPhase section */
		27ADF2852ED1BCFE00455950 /* Frameworks */ = {
			isa = PBXFrameworksBuildPhase;
			buildActionMask = 2147483647;
			files = (
			);
			runOnlyForDeploymentPostprocessing = 0;
		};
		27ADF2942ED1BD0100455950 /* Frameworks */ = {
			isa = PBXFrameworksBuildPhase;
			buildActionMask = 2147483647;
			files = (
			);
			runOnlyForDeploymentPostprocessing = 0;
		};
		27ADF29E2ED1BD0100455950 /* Frameworks */ = {
			isa = PBXFrameworksBuildPhase;
			buildActionMask = 2147483647;
			files = (
			);
			runOnlyForDeploymentPostprocessing = 0;
		};
/* End PBXFrameworksBuildPhase section */

/* Begin PBXGroup section */
		27ADF27F2ED1BCFE00455950 = {
			isa = PBXGroup;
			children = (
				27ADF28A2ED1BCFE00455950 /* Creatiq */,
				27ADF29A2ED1BD0100455950 /* CreatiqTests */,
				27ADF2A42ED1BD0100455950 /* CreatiqUITests */,
				27ADF2892ED1BCFE00455950 /* Products */,
			);
			sourceTree = "<group>";
		};
		27ADF2892ED1BCFE00455950 /* Products */ = {
			isa = PBXGroup;
			children = (
				27ADF2882ED1BCFE00455950 /* Creatiq.app */,
				27ADF2972ED1BD0100455950 /* CreatiqTests.xctest */,
				27ADF2A12ED1BD0100455950 /* CreatiqUITests.xctest */,
			);
			name = Products;
			sourceTree = "<group>";
		};
/* End PBXGroup section */

/* Begin PBXNativeTarget section */
		27ADF2872ED1BCFE00455950 /* Creatiq */ = {
			isa = PBXNativeTarget;
			buildConfigurationList = 27ADF2AB2ED1BD0100455950 /* Build configuration list for PBXNativeTarget "Creatiq" */;
			buildPhases = (
				27ADF2842ED1BCFE00455950 /* Sources */,
				27ADF2852ED1BCFE00455950 /* Frameworks */,
				27ADF2862ED1BCFE00455950 /* Resources */,
			);
			buildRules = (
			);
			dependencies = (
			);
			fileSystemSynchronizedGroups = (
				27ADF28A2ED1BCFE00455950 /* Creatiq */,
			);
			name = Creatiq;
			packageProductDependencies = (
			);
			productName = Creatiq;
			productReference = 27ADF2882ED1BCFE00455950 /* Creatiq.app */;
			productType = "com.apple.product-type.application";
		};
		27ADF2962ED1BD0100455950 /* CreatiqTests */ = {
			isa = PBXNativeTarget;
			buildConfigurationList = 27ADF2AE2ED1BD0100455950 /* Build configuration list for PBXNativeTarget "CreatiqTests" */;
			buildPhases = (
				27ADF2932ED1BD0100455950 /* Sources */,
				27ADF2942ED1BD0100455950 /* Frameworks */,
				27ADF2952ED1BD0100455950 /* Resources */,
			);
			buildRules = (
			);
			dependencies = (
				27ADF2992ED1BD0100455950 /* PBXTargetDependency */,
			);
			fileSystemSynchronizedGroups = (
				27ADF29A2ED1BD0100455950 /* CreatiqTests */,
			);
			name = CreatiqTests;
			packageProductDependencies = (
			);
			productName = CreatiqTests;
			productReference = 27ADF2972ED1BD0100455950 /* CreatiqTests.xctest */;
			productType = "com.apple.product-type.bundle.unit-test";
		};
		27ADF2A02ED1BD0100455950 /* CreatiqUITests */ = {
			isa = PBXNativeTarget;
			buildConfigurationList = 27ADF2B12ED1BD0100455950 /* Build configuration list for PBXNativeTarget "CreatiqUITests" */;
			buildPhases = (
				27ADF29D2ED1BD0100455950 /* Sources */,
				27ADF29E2ED1BD0100455950 /* Frameworks */,
				27ADF29F2ED1BD0100455950 /* Resources */,
			);
			buildRules = (
			);
			dependencies = (
				27ADF2A32ED1BD0100455950 /* PBXTargetDependency */,
			);
			fileSystemSynchronizedGroups = (
				27ADF2A42ED1BD0100455950 /* CreatiqUITests */,
			);
			name = CreatiqUITests;
			packageProductDependencies = (
			);
			productName = CreatiqUITests;
			productReference = 27ADF2A12ED1BD0100455950 /* CreatiqUITests.xctest */;
			productType = "com.apple.product-type.bundle.ui-testing";
		};
/* End PBXNativeTarget section */

/* Begin PBXProject section */
		27ADF2802ED1BCFE00455950 /* Project object */ = {
			isa = PBXProject;
			attributes = {
				BuildIndependentTargetsInParallel = 1;
				LastSwiftUpdateCheck = 1640;
				LastUpgradeCheck = 1640;
				TargetAttributes = {
					27ADF2872ED1BCFE00455950 = {
						CreatedOnToolsVersion = 16.4;
					};
					27ADF2962ED1BD0100455950 = {
						CreatedOnToolsVersion = 16.4;
						TestTargetID = 27ADF2872ED1BCFE00455950;
					};
					27ADF2A02ED1BD0100455950 = {
						CreatedOnToolsVersion = 16.4;
						TestTargetID = 27ADF2872ED1BCFE00455950;
					};
				};
			};
			buildConfigurationList = 27ADF2832ED1BCFE00455950 /* Build configuration list for PBXProject "Creatiq" */;
			developmentRegion = en;
			hasScannedForEncodings = 0;
			knownRegions = (
				en,
				Base,
			);
			mainGroup = 27ADF27F2ED1BCFE00455950;
			minimizedProjectReferenceProxies = 1;
			preferredProjectObjectVersion = 77;
			productRefGroup = 27ADF2892ED1BCFE00455950 /* Products */;
			projectDirPath = "";
			projectRoot = "";
			targets = (
				27ADF2872ED1BCFE00455950 /* Creatiq */,
				27ADF2962ED1BD0100455950 /* CreatiqTests */,
				27ADF2A02ED1BD0100455950 /* CreatiqUITests */,
			);
		};
/* End PBXProject section */

/* Begin PBXResourcesBuildPhase section */
		27ADF2862ED1BCFE00455950 /* Resources */ = {
			isa = PBXResourcesBuildPhase;
			buildActionMask = 2147483647;
			files = (
			);
			runOnlyForDeploymentPostprocessing = 0;
		};
		27ADF2952ED1BD0100455950 /* Resources */ = {
			isa = PBXResourcesBuildPhase;
			buildActionMask = 2147483647;
			files = (
			);
			runOnlyForDeploymentPostprocessing = 0;
		};
		27ADF29F2ED1BD0100455950 /* Resources */ = {
			isa = PBXResourcesBuildPhase;
			buildActionMask = 2147483647;
			files = (
			);
			runOnlyForDeploymentPostprocessing = 0;
		};
/* End PBXResourcesBuildPhase section */

/* Begin PBXSourcesBuildPhase section */
		27ADF2842ED1BCFE00455950 /* Sources */ = {
			isa = PBXSourcesBuildPhase;
			buildActionMask = 2147483647;
			files = (
			);
			runOnlyForDeploymentPostprocessing = 0;
		};
		27ADF2932ED1BD0100455950 /* Sources */ = {
			isa = PBXSourcesBuildPhase;
			buildActionMask = 2147483647;
			files = (
			);
			runOnlyForDeploymentPostprocessing = 0;
		};
		27ADF29D2ED1BD0100455950 /* Sources */ = {
			isa = PBXSourcesBuildPhase;
			buildActionMask = 2147483647;
			files = (
			);
			runOnlyForDeploymentPostprocessing = 0;
		};
/* End PBXSourcesBuildPhase section */

/* Begin PBXTargetDependency section */
		27ADF2992ED1BD0100455950 /* PBXTargetDependency */ = {
			isa = PBXTargetDependency;
			target = 27ADF2872ED1BCFE00455950 /* Creatiq */;
			targetProxy = 27ADF2982ED1BD0100455950 /* PBXContainerItemProxy */;
		};
		27ADF2A32ED1BD0100455950 /* PBXTargetDependency */ = {
			isa = PBXTargetDependency;
			target = 27ADF2872ED1BCFE00455950 /* Creatiq */;
			targetProxy = 27ADF2A22ED1BD0100455950 /* PBXContainerItemProxy */;
		};
/* End PBXTargetDependency section */

/* Begin XCBuildConfiguration section */
		27ADF2A92ED1BD0100455950 /* Debug */ = {
			isa = XCBuildConfiguration;
			buildSettings = {
				ALWAYS_SEARCH_USER_PATHS = NO;
				ASSETCATALOG_COMPILER_GENERATE_SWIFT_ASSET_SYMBOL_EXTENSIONS = YES;
				CLANG_ANALYZER_NONNULL = YES;
				CLANG_ANALYZER_NUMBER_OBJECT_CONVERSION = YES_AGGRESSIVE;
				CLANG_CXX_LANGUAGE_STANDARD = "gnu++20";
				CLANG_ENABLE_MODULES = YES;
				CLANG_ENABLE_OBJC_ARC = YES;
				CLANG_ENABLE_OBJC_WEAK = YES;
				CLANG_WARN_BLOCK_CAPTURE_AUTORELEASING = YES;
				CLANG_WARN_BOOL_CONVERSION = YES;
				CLANG_WARN_COMMA = YES;
				CLANG_WARN_CONSTANT_CONVERSION = YES;
				CLANG_WARN_DEPRECATED_OBJC_IMPLEMENTATIONS = YES;
				CLANG_WARN_DIRECT_OBJC_ISA_USAGE = YES_ERROR;
				CLANG_WARN_DOCUMENTATION_COMMENTS = YES;
				CLANG_WARN_EMPTY_BODY = YES;
				CLANG_WARN_ENUM_CONVERSION = YES;
				CLANG_WARN_INFINITE_RECURSION = YES;
				CLANG_WARN_INT_CONVERSION = YES;
				CLANG_WARN_NON_LITERAL_NULL_CONVERSION = YES;
				CLANG_WARN_OBJC_IMPLICIT_RETAIN_SELF = YES;
				CLANG_WARN_OBJC_LITERAL_CONVERSION = YES;
				CLANG_WARN_OBJC_ROOT_CLASS = YES_ERROR;
				CLANG_WARN_QUOTED_INCLUDE_IN_FRAMEWORK_HEADER = YES;
				CLANG_WARN_RANGE_LOOP_ANALYSIS = YES;
				CLANG_WARN_STRICT_PROTOTYPES = YES;
				CLANG_WARN_SUSPICIOUS_MOVE = YES;
				CLANG_WARN_UNGUARDED_AVAILABILITY = YES_AGGRESSIVE;
				CLANG_WARN_UNREACHABLE_CODE = YES;
				CLANG_WARN__DUPLICATE_METHOD_MATCH = YES;
				COPY_PHASE_STRIP = NO;
				DEBUG_INFORMATION_FORMAT = dwarf;
				ENABLE_STRICT_OBJC_MSGSEND = YES;
				ENABLE_TESTABILITY = YES;
				ENABLE_USER_SCRIPT_SANDBOXING = YES;
				GCC_C_LANGUAGE_STANDARD = gnu17;
				GCC_DYNAMIC_NO_PIC = NO;
				GCC_NO_COMMON_BLOCKS = YES;
				GCC_OPTIMIZATION_LEVEL = 0;
				GCC_PREPROCESSOR_DEFINITIONS = (
					"DEBUG=1",
					"$(inherited)",
				);
				GCC_WARN_64_TO_32_BIT_CONVERSION = YES;
				GCC_WARN_ABOUT_RETURN_TYPE = YES_ERROR;
				GCC_WARN_UNDECLARED_SELECTOR = YES;
				GCC_WARN_UNINITIALIZED_AUTOS = YES_AGGRESSIVE;
				GCC_WARN_UNUSED_FUNCTION = YES;
				GCC_WARN_UNUSED_VARIABLE = YES;
				IPHONEOS_DEPLOYMENT_TARGET = 18.5;
				LOCALIZATION_PREFERS_STRING_CATALOGS = YES;
				MTL_ENABLE_DEBUG_INFO = INCLUDE_SOURCE;
				MTL_FAST_MATH = YES;
				ONLY_ACTIVE_ARCH = YES;
				SDKROOT = iphoneos;
				SWIFT_ACTIVE_COMPILATION_CONDITIONS = "DEBUG $(inherited)";
				SWIFT_OPTIMIZATION_LEVEL = "-Onone";
			};
			name = Debug;
		};
		27ADF2AA2ED1BD0100455950 /* Release */ = {
			isa = XCBuildConfiguration;
			buildSettings = {
				ALWAYS_SEARCH_USER_PATHS = NO;
				ASSETCATALOG_COMPILER_GENERATE_SWIFT_ASSET_SYMBOL_EXTENSIONS = YES;
				CLANG_ANALYZER_NONNULL = YES;
				CLANG_ANALYZER_NUMBER_OBJECT_CONVERSION = YES_AGGRESSIVE;
				CLANG_CXX_LANGUAGE_STANDARD = "gnu++20";
				CLANG_ENABLE_MODULES = YES;
				CLANG_ENABLE_OBJC_ARC = YES;
				CLANG_ENABLE_OBJC_WEAK = YES;
				CLANG_WARN_BLOCK_CAPTURE_AUTORELEASING = YES;
				CLANG_WARN_BOOL_CONVERSION = YES;
				CLANG_WARN_COMMA = YES;
				CLANG_WARN_CONSTANT_CONVERSION = YES;
				CLANG_WARN_DEPRECATED_OBJC_IMPLEMENTATIONS = YES;
				CLANG_WARN_DIRECT_OBJC_ISA_USAGE = YES_ERROR;
				CLANG_WARN_DOCUMENTATION_COMMENTS = YES;
				CLANG_WARN_EMPTY_BODY = YES;
				CLANG_WARN_ENUM_CONVERSION = YES;
				CLANG_WARN_INFINITE_RECURSION = YES;
				CLANG_WARN_INT_CONVERSION = YES;
				CLANG_WARN_NON_LITERAL_NULL_CONVERSION = YES;
				CLANG_WARN_OBJC_IMPLICIT_RETAIN_SELF = YES;
				CLANG_WARN_OBJC_LITERAL_CONVERSION = YES;
				CLANG_WARN_OBJC_ROOT_CLASS = YES_ERROR;
				CLANG_WARN_QUOTED_INCLUDE_IN_FRAMEWORK_HEADER = YES;
				CLANG_WARN_RANGE_LOOP_ANALYSIS = YES;
				CLANG_WARN_STRICT_PROTOTYPES = YES;
				CLANG_WARN_SUSPICIOUS_MOVE = YES;
				CLANG_WARN_UNGUARDED_AVAILABILITY = YES_AGGRESSIVE;
				CLANG_WARN_UNREACHABLE_CODE = YES;
				CLANG_WARN__DUPLICATE_METHOD_MATCH = YES;
				COPY_PHASE_STRIP = NO;
				DEBUG_INFORMATION_FORMAT = "dwarf-with-dsym";
				ENABLE_NS_ASSERTIONS = NO;
				ENABLE_STRICT_OBJC_MSGSEND = YES;
				ENABLE_USER_SCRIPT_SANDBOXING = YES;
				GCC_C_LANGUAGE_STANDARD = gnu17;
				GCC_NO_COMMON_BLOCKS = YES;
				GCC_WARN_64_TO_32_BIT_CONVERSION = YES;
				GCC_WARN_ABOUT_RETURN_TYPE = YES_ERROR;
				GCC_WARN_UNDECLARED_SELECTOR = YES;
				GCC_WARN_UNINITIALIZED_AUTOS = YES_AGGRESSIVE;
				GCC_WARN_UNUSED_FUNCTION = YES;
				GCC_WARN_UNUSED_VARIABLE = YES;
				IPHONEOS_DEPLOYMENT_TARGET = 18.5;
				LOCALIZATION_PREFERS_STRING_CATALOGS = YES;
				MTL_ENABLE_DEBUG_INFO = NO;
				MTL_FAST_MATH = YES;
				SDKROOT = iphoneos;
				SWIFT_COMPILATION_MODE = wholemodule;
				VALIDATE_PRODUCT = YES;
			};
			name = Release;
		};
		27ADF2AC2ED1BD0100455950 /* Debug */ = {
			isa = XCBuildConfiguration;
			buildSettings = {
				ASSETCATALOG_COMPILER_APPICON_NAME = AppIcon;
				ASSETCATALOG_COMPILER_GLOBAL_ACCENT_COLOR_NAME = AccentColor;
				CODE_SIGN_STYLE = Automatic;
				CURRENT_PROJECT_VERSION = 1;
				DEVELOPMENT_TEAM = YBVJSJG3W9;
				ENABLE_PREVIEWS = YES;
				GENERATE_INFOPLIST_FILE = YES;
				INFOPLIST_KEY_UIApplicationSceneManifest_Generation = YES;
				INFOPLIST_KEY_UIApplicationSupportsIndirectInputEvents = YES;
				INFOPLIST_KEY_UILaunchScreen_Generation = YES;
				INFOPLIST_KEY_UISupportedInterfaceOrientations_iPad = "UIInterfaceOrientationPortrait UIInterfaceOrientationPortraitUpsideDown UIInterfaceOrientationLandscapeLeft UIInterfaceOrientationLandscapeRight";
				INFOPLIST_KEY_UISupportedInterfaceOrientations_iPhone = "UIInterfaceOrientationPortrait UIInterfaceOrientationLandscapeLeft UIInterfaceOrientationLandscapeRight";
				LD_RUNPATH_SEARCH_PATHS = (
					"$(inherited)",
					"@executable_path/Frameworks",
				);
				MARKETING_VERSION = 1.0;
				PRODUCT_BUNDLE_IDENTIFIER = Imalki.Creatiq;
				PRODUCT_NAME = "$(TARGET_NAME)";
				SWIFT_EMIT_LOC_STRINGS = YES;
				SWIFT_VERSION = 5.0;
				TARGETED_DEVICE_FAMILY = "1,2";
			};
			name = Debug;
		};
		27ADF2AD2ED1BD0100455950 /* Release */ = {
			isa = XCBuildConfiguration;
			buildSettings = {
				ASSETCATALOG_COMPILER_APPICON_NAME = AppIcon;
				ASSETCATALOG_COMPILER_GLOBAL_ACCENT_COLOR_NAME = AccentColor;
				CODE_SIGN_STYLE = Automatic;
				CURRENT_PROJECT_VERSION = 1;
				DEVELOPMENT_TEAM = YBVJSJG3W9;
				ENABLE_PREVIEWS = YES;
				GENERATE_INFOPLIST_FILE = YES;
				INFOPLIST_KEY_UIApplicationSceneManifest_Generation = YES;
				INFOPLIST_KEY_UIApplicationSupportsIndirectInputEvents = YES;
				INFOPLIST_KEY_UILaunchScreen_Generation = YES;
				INFOPLIST_KEY_UISupportedInterfaceOrientations_iPad = "UIInterfaceOrientationPortrait UIInterfaceOrientationPortraitUpsideDown UIInterfaceOrientationLandscapeLeft UIInterfaceOrientationLandscapeRight";
				INFOPLIST_KEY_UISupportedInterfaceOrientations_iPhone = "UIInterfaceOrientationPortrait UIInterfaceOrientationLandscapeLeft UIInterfaceOrientationLandscapeRight";
				LD_RUNPATH_SEARCH_PATHS = (
					"$(inherited)",
					"@executable_path/Frameworks",
				);
				MARKETING_VERSION = 1.0;
				PRODUCT_BUNDLE_IDENTIFIER = Imalki.Creatiq;
				PRODUCT_NAME = "$(TARGET_NAME)";
				SWIFT_EMIT_LOC_STRINGS = YES;
				SWIFT_VERSION = 5.0;
				TARGETED_DEVICE_FAMILY = "1,2";
			};
			name = Release;
		};
		27ADF2AF2ED1BD0100455950 /* Debug */ = {
			isa = XCBuildConfiguration;
			buildSettings = {
				BUNDLE_LOADER = "$(TEST_HOST)";
				CODE_SIGN_STYLE = Automatic;
				CURRENT_PROJECT_VERSION = 1;
				GENERATE_INFOPLIST_FILE = YES;
				IPHONEOS_DEPLOYMENT_TARGET = 18.5;
				MARKETING_VERSION = 1.0;
				PRODUCT_BUNDLE_IDENTIFIER = Imalki.CreatiqTests;
				PRODUCT_NAME = "$(TARGET_NAME)";
				SWIFT_EMIT_LOC_STRINGS = NO;
				SWIFT_VERSION = 5.0;
				TARGETED_DEVICE_FAMILY = "1,2";
				TEST_HOST = "$(BUILT_PRODUCTS_DIR)/Creatiq.app/$(BUNDLE_EXECUTABLE_FOLDER_PATH)/Creatiq";
			};
			name = Debug;
		};
		27ADF2B02ED1BD0100455950 /* Release */ = {
			isa = XCBuildConfiguration;
			buildSettings = {
				BUNDLE_LOADER = "$(TEST_HOST)";
				CODE_SIGN_STYLE = Automatic;
				CURRENT_PROJECT_VERSION = 1;
				GENERATE_INFOPLIST_FILE = YES;
				IPHONEOS_DEPLOYMENT_TARGET = 18.5;
				MARKETING_VERSION = 1.0;
				PRODUCT_BUNDLE_IDENTIFIER = Imalki.CreatiqTests;
				PRODUCT_NAME = "$(TARGET_NAME)";
				SWIFT_EMIT_LOC_STRINGS = NO;
				SWIFT_VERSION = 5.0;
				TARGETED_DEVICE_FAMILY = "1,2";
				TEST_HOST = "$(BUILT_PRODUCTS_DIR)/Creatiq.app/$(BUNDLE_EXECUTABLE_FOLDER_PATH)/Creatiq";
			};
			name = Release;
		};
		27ADF2B22ED1BD0100455950 /* Debug */ = {
			isa = XCBuildConfiguration;
			buildSettings = {
				CODE_SIGN_STYLE = Automatic;
				CURRENT_PROJECT_VERSION = 1;
				GENERATE_INFOPLIST_FILE = YES;
				MARKETING_VERSION = 1.0;
				PRODUCT_BUNDLE_IDENTIFIER = Imalki.CreatiqUITests;
				PRODUCT_NAME = "$(TARGET_NAME)";
				SWIFT_EMIT_LOC_STRINGS = NO;
				SWIFT_VERSION = 5.0;
				TARGETED_DEVICE_FAMILY = "1,2";
				TEST_TARGET_NAME = Creatiq;
			};
			name = Debug;
		};
		27ADF2B32ED1BD0100455950 /* Release */ = {
			isa = XCBuildConfiguration;
			buildSettings = {
				CODE_SIGN_STYLE = Automatic;
				CURRENT_PROJECT_VERSION = 1;
				GENERATE_INFOPLIST_FILE = YES;
				MARKETING_VERSION = 1.0;
				PRODUCT_BUNDLE_IDENTIFIER = Imalki.CreatiqUITests;
				PRODUCT_NAME = "$(TARGET_NAME)";
				SWIFT_EMIT_LOC_STRINGS = NO;
				SWIFT_VERSION = 5.0;
				TARGETED_DEVICE_FAMILY = "1,2";
				TEST_TARGET_NAME = Creatiq;
			};
			name = Release;
		};
/* End XCBuildConfiguration section */

/* Begin XCConfigurationList section */
		27ADF2832ED1BCFE00455950 /* Build configuration list for PBXProject "Creatiq" */ = {
			isa = XCConfigurationList;
			buildConfigurations = (
				27ADF2A92ED1BD0100455950 /* Debug */,
				27ADF2AA2ED1BD0100455950 /* Release */,
			);
			defaultConfigurationIsVisible = 0;
			defaultConfigurationName = Release;
		};
		27ADF2AB2ED1BD0100455950 /* Build configuration list for PBXNativeTarget "Creatiq" */ = {
			isa = XCConfigurationList;
			buildConfigurations = (
				27ADF2AC2ED1BD0100455950 /* Debug */,
				27ADF2AD2ED1BD0100455950 /* Release */,
			);
			defaultConfigurationIsVisible = 0;
			defaultConfigurationName = Release;
		};
		27ADF2AE2ED1BD0100455950 /* Build configuration list for PBXNativeTarget "CreatiqTests" */ = {
			isa = XCConfigurationList;
			buildConfigurations = (
				27ADF2AF2ED1BD0100455950 /* Debug */,
				27ADF2B02ED1BD0100455950 /* Release */,
			);
			defaultConfigurationIsVisible = 0;
			defaultConfigurationName = Release;
		};
		27ADF2B12ED1BD0100455950 /* Build configuration list for PBXNativeTarget "CreatiqUITests" */ = {
			isa = XCConfigurationList;
			buildConfigurations = (
				27ADF2B22ED1BD0100455950 /* Debug */,
				27ADF2B32ED1BD0100455950 /* Release */,
			);
			defaultConfigurationIsVisible = 0;
			defaultConfigurationName = Release;
		};
/* End XCConfigurationList section */
	};
	rootObject = 27ADF2802ED1BCFE00455950 /* Project object */;
}
